{
    "version": 3,
    "terraform_version": "0.9.5",
    "serial": 5,
    "lineage": "3e78dccf-fdd3-4f5b-9d31-489317eab417",
    "modules": [
        {
            "path": [
                "root"
            ],
            "outputs": {},
            "resources": {
                "cloudca_instance.ceph-node.0": {
                    "type": "cloudca_instance",
                    "depends_on": [
                        "data.template_file.node-cloudinit"
                    ],
                    "primary": {
                        "id": "6cfd868d-0545-4baa-bba4-5be701c660d4",
                        "attributes": {
                            "compute_offering": "2vcpu.8gb",
                            "environment_id": "91420f0d-b797-4461-8a2e-1b433d489b83",
                            "id": "6cfd868d-0545-4baa-bba4-5be701c660d4",
                            "name": "student-1-ceph-0",
                            "network_id": "30e4f8ba-2604-4410-b94a-425eeaff23d7",
                            "private_ip": "10.186.52.164",
                            "private_ip_id": "2eb267ec-e450-47c9-89d4-02e58e4e20bc",
                            "root_volume_size_in_gb": "20",
                            "ssh_key_name": "ceph_ws_admin",
                            "template": "ubuntu 16.04.02 hvm",
                            "user_data": "#cloud-config\n\npackage_update: true\n\npackages:\n - python-dev\n - libssl-dev \n - python-pip \n\npackage_upgrade: true\n\npower_state:\n mode: poweroff\n condition: True\n"
                        },
                        "meta": {},
                        "tainted": false
                    },
                    "deposed": [],
                    "provider": ""
                },
                "cloudca_instance.ceph-node.1": {
                    "type": "cloudca_instance",
                    "depends_on": [
                        "data.template_file.node-cloudinit"
                    ],
                    "primary": {
                        "id": "c642c366-4bb8-4be3-96fa-f47db1fddae8",
                        "attributes": {
                            "compute_offering": "2vcpu.8gb",
                            "environment_id": "91420f0d-b797-4461-8a2e-1b433d489b83",
                            "id": "c642c366-4bb8-4be3-96fa-f47db1fddae8",
                            "name": "student-1-ceph-1",
                            "network_id": "30e4f8ba-2604-4410-b94a-425eeaff23d7",
                            "private_ip": "10.186.52.254",
                            "private_ip_id": "066bd725-c7fe-4f17-919b-8682796e3a3f",
                            "root_volume_size_in_gb": "20",
                            "ssh_key_name": "ceph_ws_admin",
                            "template": "ubuntu 16.04.02 hvm",
                            "user_data": "#cloud-config\n\npackage_update: true\n\npackages:\n - python-dev\n - libssl-dev \n - python-pip \n\npackage_upgrade: true\n\npower_state:\n mode: poweroff\n condition: True\n"
                        },
                        "meta": {},
                        "tainted": false
                    },
                    "deposed": [],
                    "provider": ""
                },
                "cloudca_instance.ceph-node.2": {
                    "type": "cloudca_instance",
                    "depends_on": [
                        "data.template_file.node-cloudinit"
                    ],
                    "primary": {
                        "id": "c83b8679-87ca-46d6-bfe0-26120bf0968a",
                        "attributes": {
                            "compute_offering": "2vcpu.8gb",
                            "environment_id": "91420f0d-b797-4461-8a2e-1b433d489b83",
                            "id": "c83b8679-87ca-46d6-bfe0-26120bf0968a",
                            "name": "student-1-ceph-2",
                            "network_id": "30e4f8ba-2604-4410-b94a-425eeaff23d7",
                            "private_ip": "10.186.52.54",
                            "private_ip_id": "cf71d7cb-c37b-4e9b-86c2-4046bb941677",
                            "root_volume_size_in_gb": "20",
                            "ssh_key_name": "ceph_ws_admin",
                            "template": "ubuntu 16.04.02 hvm",
                            "user_data": "#cloud-config\n\npackage_update: true\n\npackages:\n - python-dev\n - libssl-dev \n - python-pip \n\npackage_upgrade: true\n\npower_state:\n mode: poweroff\n condition: True\n"
                        },
                        "meta": {},
                        "tainted": false
                    },
                    "deposed": [],
                    "provider": ""
                },
                "cloudca_instance.client-node": {
                    "type": "cloudca_instance",
                    "depends_on": [
                        "data.template_file.client-cloudinit"
                    ],
                    "primary": {
                        "id": "44b13c3b-07f5-40a8-900c-56693d9c87f8",
                        "attributes": {
                            "compute_offering": "1vcpu.4gb",
                            "environment_id": "91420f0d-b797-4461-8a2e-1b433d489b83",
                            "id": "44b13c3b-07f5-40a8-900c-56693d9c87f8",
                            "name": "student-0-client",
                            "network_id": "30e4f8ba-2604-4410-b94a-425eeaff23d7",
                            "private_ip": "10.186.52.102",
                            "private_ip_id": "7c506192-7827-449a-8044-98c83731f5be",
                            "root_volume_size_in_gb": "10",
                            "ssh_key_name": "ceph_ws_admin",
                            "template": "ubuntu 16.04.02 hvm",
                            "user_data": "#cloud-config\n\npackage_update: true\n\npackages:\n - python-dev\n - libssl-dev \n - python-pip \n - qemu-utils \n - virt-manager\n - qemu-system\n - libvirt-bin\n - gir1.2-spice-client-gtk-2.0 \n - gir1.2-spice-client-gtk-3.0\n\npackage_upgrade: true\n\npower_state:\n mode: poweroff\n condition: True\n"
                        },
                        "meta": {},
                        "tainted": false
                    },
                    "deposed": [],
                    "provider": ""
                },
                "cloudca_instance.keystone-node": {
                    "type": "cloudca_instance",
                    "depends_on": [
                        "data.template_file.keystone-cloudinit"
                    ],
                    "primary": {
                        "id": "8c1f0eac-cf53-429d-9945-1bcdd4c5a83e",
                        "attributes": {
                            "compute_offering": "2vcpu.4gb",
                            "environment_id": "91420f0d-b797-4461-8a2e-1b433d489b83",
                            "id": "8c1f0eac-cf53-429d-9945-1bcdd4c5a83e",
                            "name": "student-0-keystone",
                            "network_id": "30e4f8ba-2604-4410-b94a-425eeaff23d7",
                            "private_ip": "10.186.52.122",
                            "private_ip_id": "370a4a56-4860-44ef-9fb0-5ad9ebbe3a8a",
                            "root_volume_size_in_gb": "20",
                            "ssh_key_name": "ceph_ws_admin",
                            "template": "ubuntu 16.04.02 hvm",
                            "user_data": "#cloud-config\n\npackage_update: true\n\npackages:\n - python-dev\n - libssl-dev \n - python-pip \n - apache2\n - libapache2-mod-wsgi\n - libldap2-dev\n - libsasl2-dev\n - keystone\n - debconf-utils\n\npackage_upgrade: true\n\npower_state:\n mode: poweroff\n condition: True\n"
                        },
                        "meta": {},
                        "tainted": false
                    },
                    "deposed": [],
                    "provider": ""
                },
                "cloudca_volume.ceph_osd1.0": {
                    "type": "cloudca_volume",
                    "depends_on": [
                        "cloudca_instance.ceph-node.*"
                    ],
                    "primary": {
                        "id": "56a24f26-cc19-4c2d-8d9b-e17213b0a181",
                        "attributes": {
                            "disk_offering": "100gb - 100 iops min.",
                            "environment_id": "91420f0d-b797-4461-8a2e-1b433d489b83",
                            "id": "56a24f26-cc19-4c2d-8d9b-e17213b0a181",
                            "instance_id": "6cfd868d-0545-4baa-bba4-5be701c660d4",
                            "iops": "0",
                            "name": "student-1-ceph-0_OSD1",
                            "size_in_gb": "100"
                        },
                        "meta": {},
                        "tainted": false
                    },
                    "deposed": [],
                    "provider": ""
                },
                "cloudca_volume.ceph_osd1.1": {
                    "type": "cloudca_volume",
                    "depends_on": [
                        "cloudca_instance.ceph-node.*"
                    ],
                    "primary": {
                        "id": "b97181cc-207a-4053-a3d9-fa72e33a7013",
                        "attributes": {
                            "disk_offering": "100gb - 100 iops min.",
                            "environment_id": "91420f0d-b797-4461-8a2e-1b433d489b83",
                            "id": "b97181cc-207a-4053-a3d9-fa72e33a7013",
                            "instance_id": "c642c366-4bb8-4be3-96fa-f47db1fddae8",
                            "iops": "0",
                            "name": "student-1-ceph-1_OSD1",
                            "size_in_gb": "100"
                        },
                        "meta": {},
                        "tainted": false
                    },
                    "deposed": [],
                    "provider": ""
                },
                "cloudca_volume.ceph_osd1.2": {
                    "type": "cloudca_volume",
                    "depends_on": [
                        "cloudca_instance.ceph-node.*"
                    ],
                    "primary": {
                        "id": "ed5f36b2-b4ea-4c6e-8f56-19ce83a0929a",
                        "attributes": {
                            "disk_offering": "100gb - 100 iops min.",
                            "environment_id": "91420f0d-b797-4461-8a2e-1b433d489b83",
                            "id": "ed5f36b2-b4ea-4c6e-8f56-19ce83a0929a",
                            "instance_id": "c83b8679-87ca-46d6-bfe0-26120bf0968a",
                            "iops": "0",
                            "name": "student-1-ceph-2_OSD1",
                            "size_in_gb": "100"
                        },
                        "meta": {},
                        "tainted": false
                    },
                    "deposed": [],
                    "provider": ""
                },
                "cloudca_volume.ceph_osd2.0": {
                    "type": "cloudca_volume",
                    "depends_on": [
                        "cloudca_instance.ceph-node.*"
                    ],
                    "primary": {
                        "id": "6db5951c-3a70-4b72-8cc6-a95fc53df068",
                        "attributes": {
                            "disk_offering": "100gb - 100 iops min.",
                            "environment_id": "91420f0d-b797-4461-8a2e-1b433d489b83",
                            "id": "6db5951c-3a70-4b72-8cc6-a95fc53df068",
                            "instance_id": "6cfd868d-0545-4baa-bba4-5be701c660d4",
                            "iops": "0",
                            "name": "student-1-ceph-0_OSD2",
                            "size_in_gb": "100"
                        },
                        "meta": {},
                        "tainted": false
                    },
                    "deposed": [],
                    "provider": ""
                },
                "cloudca_volume.ceph_osd2.1": {
                    "type": "cloudca_volume",
                    "depends_on": [
                        "cloudca_instance.ceph-node.*"
                    ],
                    "primary": {
                        "id": "3b30df0e-aa20-4ddd-bcdb-4cd861d58ad3",
                        "attributes": {
                            "disk_offering": "100gb - 100 iops min.",
                            "environment_id": "91420f0d-b797-4461-8a2e-1b433d489b83",
                            "id": "3b30df0e-aa20-4ddd-bcdb-4cd861d58ad3",
                            "instance_id": "c642c366-4bb8-4be3-96fa-f47db1fddae8",
                            "iops": "0",
                            "name": "student-1-ceph-1_OSD2",
                            "size_in_gb": "100"
                        },
                        "meta": {},
                        "tainted": false
                    },
                    "deposed": [],
                    "provider": ""
                },
                "cloudca_volume.ceph_osd2.2": {
                    "type": "cloudca_volume",
                    "depends_on": [
                        "cloudca_instance.ceph-node.*"
                    ],
                    "primary": {
                        "id": "e838a641-9fba-491c-b91e-7549f762e752",
                        "attributes": {
                            "disk_offering": "100gb - 100 iops min.",
                            "environment_id": "91420f0d-b797-4461-8a2e-1b433d489b83",
                            "id": "e838a641-9fba-491c-b91e-7549f762e752",
                            "instance_id": "c83b8679-87ca-46d6-bfe0-26120bf0968a",
                            "iops": "0",
                            "name": "student-1-ceph-2_OSD2",
                            "size_in_gb": "100"
                        },
                        "meta": {},
                        "tainted": false
                    },
                    "deposed": [],
                    "provider": ""
                },
                "cloudca_volume.ceph_osd3.0": {
                    "type": "cloudca_volume",
                    "depends_on": [
                        "cloudca_instance.ceph-node.*"
                    ],
                    "primary": {
                        "id": "4dc617f7-cada-44eb-a7a3-09ab18755577",
                        "attributes": {
                            "disk_offering": "100gb - 100 iops min.",
                            "environment_id": "91420f0d-b797-4461-8a2e-1b433d489b83",
                            "id": "4dc617f7-cada-44eb-a7a3-09ab18755577",
                            "instance_id": "6cfd868d-0545-4baa-bba4-5be701c660d4",
                            "iops": "0",
                            "name": "student-1-ceph-0_OSD3",
                            "size_in_gb": "100"
                        },
                        "meta": {},
                        "tainted": false
                    },
                    "deposed": [],
                    "provider": ""
                },
                "cloudca_volume.ceph_osd3.1": {
                    "type": "cloudca_volume",
                    "depends_on": [
                        "cloudca_instance.ceph-node.*"
                    ],
                    "primary": {
                        "id": "f65f9986-0b0b-4b0e-a6db-d15756db8694",
                        "attributes": {
                            "disk_offering": "100gb - 100 iops min.",
                            "environment_id": "91420f0d-b797-4461-8a2e-1b433d489b83",
                            "id": "f65f9986-0b0b-4b0e-a6db-d15756db8694",
                            "instance_id": "c642c366-4bb8-4be3-96fa-f47db1fddae8",
                            "iops": "0",
                            "name": "student-1-ceph-1_OSD3",
                            "size_in_gb": "100"
                        },
                        "meta": {},
                        "tainted": false
                    },
                    "deposed": [],
                    "provider": ""
                },
                "cloudca_volume.ceph_osd3.2": {
                    "type": "cloudca_volume",
                    "depends_on": [
                        "cloudca_instance.ceph-node.*"
                    ],
                    "primary": {
                        "id": "dde2280c-31e9-4b1f-ba51-c6ffc228c5a6",
                        "attributes": {
                            "disk_offering": "100gb - 100 iops min.",
                            "environment_id": "91420f0d-b797-4461-8a2e-1b433d489b83",
                            "id": "dde2280c-31e9-4b1f-ba51-c6ffc228c5a6",
                            "instance_id": "c83b8679-87ca-46d6-bfe0-26120bf0968a",
                            "iops": "0",
                            "name": "student-1-ceph-2_OSD3",
                            "size_in_gb": "100"
                        },
                        "meta": {},
                        "tainted": false
                    },
                    "deposed": [],
                    "provider": ""
                },
                "data.template_file.client-cloudinit": {
                    "type": "template_file",
                    "depends_on": [],
                    "primary": {
                        "id": "d69812276a10e600d5db566772934be6d24425b54706e82d5f3623b0c7bac6b1",
                        "attributes": {
                            "id": "d69812276a10e600d5db566772934be6d24425b54706e82d5f3623b0c7bac6b1",
                            "rendered": "#cloud-config\n\npackage_update: true\n\npackages:\n - python-dev\n - libssl-dev \n - python-pip \n - qemu-utils \n - virt-manager\n - qemu-system\n - libvirt-bin\n - gir1.2-spice-client-gtk-2.0 \n - gir1.2-spice-client-gtk-3.0\n\npackage_upgrade: true\n\npower_state:\n mode: poweroff\n condition: True\n",
                            "template": "#cloud-config\n\npackage_update: true\n\npackages:\n - python-dev\n - libssl-dev \n - python-pip \n - qemu-utils \n - virt-manager\n - qemu-system\n - libvirt-bin\n - gir1.2-spice-client-gtk-2.0 \n - gir1.2-spice-client-gtk-3.0\n\npackage_upgrade: true\n\npower_state:\n mode: poweroff\n condition: True\n"
                        },
                        "meta": {},
                        "tainted": false
                    },
                    "deposed": [],
                    "provider": ""
                },
                "data.template_file.keystone-cloudinit": {
                    "type": "template_file",
                    "depends_on": [],
                    "primary": {
                        "id": "4701beb540d98c8de4d14a0a7ca6d253502b62ad50ab7b1f5de68ddf2f5ff236",
                        "attributes": {
                            "id": "4701beb540d98c8de4d14a0a7ca6d253502b62ad50ab7b1f5de68ddf2f5ff236",
                            "rendered": "#cloud-config\n\npackage_update: true\n\npackages:\n - python-dev\n - libssl-dev \n - python-pip \n - apache2\n - libapache2-mod-wsgi\n - libldap2-dev\n - libsasl2-dev\n - keystone\n - debconf-utils\n\npackage_upgrade: true\n\npower_state:\n mode: poweroff\n condition: True\n",
                            "template": "#cloud-config\n\npackage_update: true\n\npackages:\n - python-dev\n - libssl-dev \n - python-pip \n - apache2\n - libapache2-mod-wsgi\n - libldap2-dev\n - libsasl2-dev\n - keystone\n - debconf-utils\n\npackage_upgrade: true\n\npower_state:\n mode: poweroff\n condition: True\n"
                        },
                        "meta": {},
                        "tainted": false
                    },
                    "deposed": [],
                    "provider": ""
                },
                "data.template_file.node-cloudinit": {
                    "type": "template_file",
                    "depends_on": [],
                    "primary": {
                        "id": "395cd529bc214239fd4cded3c06a52654484f6e2257ed61f9c33d510f60c71a4",
                        "attributes": {
                            "id": "395cd529bc214239fd4cded3c06a52654484f6e2257ed61f9c33d510f60c71a4",
                            "rendered": "#cloud-config\n\npackage_update: true\n\npackages:\n - python-dev\n - libssl-dev \n - python-pip \n\npackage_upgrade: true\n\npower_state:\n mode: poweroff\n condition: True\n",
                            "template": "#cloud-config\n\npackage_update: true\n\npackages:\n - python-dev\n - libssl-dev \n - python-pip \n\npackage_upgrade: true\n\npower_state:\n mode: poweroff\n condition: True\n"
                        },
                        "meta": {},
                        "tainted": false
                    },
                    "deposed": [],
                    "provider": ""
                }
            },
            "depends_on": []
        }
    ]
}
